
Microsoft Visual Studio Solution File, Format Version 12.00
# Visual Studio Version 16
VisualStudioVersion = 16.0.31424.327
MinimumVisualStudioVersion = 10.0.40219.1
Project("{8BC9CEB8-8B4A-11D0-8D11-00A0C91BC942}") = "wrongpicture", "wrongpicture.vcxproj", "{A10A8A36-4653-4CDE-9659-EC594A6A21D8}"
EndProject
Global
	GlobalSection(SolutionConfigurationPlatforms) = preSolution
		Debug|x64 = Debug|x64
		Debug|x86 = Debug|x86
		Release|x64 = Release|x64
		Release|x86 = Release|x86
	EndGlobalSection
	GlobalSection(ProjectConfigurationPlatforms) = postSolution
		{A10A8A36-4653-4CDE-9659-EC594A6A21D8}.Debug|x64.ActiveCfg = Debug|x64
		{A10A8A36-4653-4CDE-9659-EC594A6A21D8}.Debug|x64.Build.0 = Debug|x64
		{A10A8A36-4653-4CDE-9659-EC594A6A21D8}.Debug|x86.ActiveCfg = Debug|Win32
		{A10A8A36-4653-4CDE-9659-EC594A6A21D8}.Debug|x86.Build.0 = Debug|Win32
		{A10A8A36-4653-4CDE-9659-EC594A6A21D8}.Release|x64.ActiveCfg = Release|x64
		{A10A8A36-4653-4CDE-9659-EC594A6A21D8}.Release|x64.Build.0 = Release|x64
		{A10A8A36-4653-4CDE-9659-EC594A6A21D8}.Release|x86.ActiveCfg = Release|Win32
		{A10A8A36-4653-4CDE-9659-EC594A6A21D8}.Release|x86.Build.0 = Release|Win32
	EndGlobalSection
	GlobalSection(SolutionProperties) = preSolution
		HideSolutionNode = FALSE
	EndGlobalSection
	GlobalSection(ExtensibilityGlobals) = postSolution
		SolutionGuid = {830DAEFC-B2E4-4FC3-9367-E2EBA93E1DF9}
	EndGlobalSection
EndGlobal
